// !$*UTF8*$!
{
	archiveVersion = 1;
	classes = {
	};
	objectVersion = 50;
	objects = {

/* Begin PBXBuildFile section */
		F658AE5823831693000FF8EA /* AppDelegate.swift in Sources */ = {isa = PBXBuildFile; fileRef = F658AE5723831693000FF8EA /* AppDelegate.swift */; };
		F658AE5A23831693000FF8EA /* SceneDelegate.swift in Sources */ = {isa = PBXBuildFile; fileRef = F658AE5923831693000FF8EA /* SceneDelegate.swift */; };
		F658AE5F23831693000FF8EA /* Main.storyboard in Resources */ = {isa = PBXBuildFile; fileRef = F658AE5D23831693000FF8EA /* Main.storyboard */; };
		F658AE6223831693000FF8EA /* Hair_Cair.xcdatamodeld in Sources */ = {isa = PBXBuildFile; fileRef = F658AE6023831693000FF8EA /* Hair_Cair.xcdatamodeld */; };
		F658AE6423831694000FF8EA /* Assets.xcassets in Resources */ = {isa = PBXBuildFile; fileRef = F658AE6323831694000FF8EA /* Assets.xcassets */; };
		F658AE6723831694000FF8EA /* LaunchScreen.storyboard in Resources */ = {isa = PBXBuildFile; fileRef = F658AE6523831694000FF8EA /* LaunchScreen.storyboard */; };
		F658AE7323831B82000FF8EA /* LoginViewController.swift in Sources */ = {isa = PBXBuildFile; fileRef = F658AE7223831B82000FF8EA /* LoginViewController.swift */; };
		F658AE75238321F3000FF8EA /* CreateAccountViewController.swift in Sources */ = {isa = PBXBuildFile; fileRef = F658AE74238321F3000FF8EA /* CreateAccountViewController.swift */; };
/* End PBXBuildFile section */

/* Begin PBXFileReference section */
		F658AE5423831693000FF8EA /* Hair Cair.app */ = {isa = PBXFileReference; explicitFileType = wrapper.application; includeInIndex = 0; path = "Hair Cair.app"; sourceTree = BUILT_PRODUCTS_DIR; };
		F658AE5723831693000FF8EA /* AppDelegate.swift */ = {isa = PBXFileReference; lastKnownFileType = sourcecode.swift; path = AppDelegate.swift; sourceTree = "<group>"; };
		F658AE5923831693000FF8EA /* SceneDelegate.swift */ = {isa = PBXFileReference; lastKnownFileType = sourcecode.swift; path = SceneDelegate.swift; sourceTree = "<group>"; };
		F658AE5E23831693000FF8EA /* Base */ = {isa = PBXFileReference; lastKnownFileType = file.storyboard; name = Base; path = Base.lproj/Main.storyboard; sourceTree = "<group>"; };
		F658AE6123831693000FF8EA /* Hair_Cair.xcdatamodel */ = {isa = PBXFileReference; lastKnownFileType = wrapper.xcdatamodel; path = Hair_Cair.xcdatamodel; sourceTree = "<group>"; };
		F658AE6323831694000FF8EA /* Assets.xcassets */ = {isa = PBXFileReference; lastKnownFileType = folder.assetcatalog; path = Assets.xcassets; sourceTree = "<group>"; };
		F658AE6623831694000FF8EA /* Base */ = {isa = PBXFileReference; lastKnownFileType = file.storyboard; name = Base; path = Base.lproj/LaunchScreen.storyboard; sourceTree = "<group>"; };
		F658AE6823831694000FF8EA /* Info.plist */ = {isa = PBXFileReference; lastKnownFileType = text.plist.xml; path = Info.plist; sourceTree = "<group>"; };
		F658AE7223831B82000FF8EA /* LoginViewController.swift */ = {isa = PBXFileReference; lastKnownFileType = sourcecode.swift; path = LoginViewController.swift; sourceTree = "<group>"; };
		F658AE74238321F3000FF8EA /* CreateAccountViewController.swift */ = {isa = PBXFileReference; lastKnownFileType = sourcecode.swift; path = CreateAccountViewController.swift; sourceTree = "<group>"; };
/* End PBXFileReference section */

/* Begin PBXFrameworksBuildPhase section */
		F658AE5123831693000FF8EA /* Frameworks */ = {
			isa = PBXFrameworksBuildPhase;
			buildActionMask = 2147483647;
			files = (
			);
			runOnlyForDeploymentPostprocessing = 0;
		};
/* End PBXFrameworksBuildPhase section */

/* Begin PBXGroup section */
		F658AE4B23831693000FF8EA = {
			isa = PBXGroup;
			children = (
				F658AE5623831693000FF8EA /* Hair Cair */,
				F658AE5523831693000FF8EA /* Products */,
			);
			sourceTree = "<group>";
		};
		F658AE5523831693000FF8EA /* Products */ = {
			isa = PBXGroup;
			children = (
				F658AE5423831693000FF8EA /* Hair Cair.app */,
			);
			name = Products;
			sourceTree = "<group>";
		};
		F658AE5623831693000FF8EA /* Hair Cair */ = {
			isa = PBXGroup;
			children = (
				F658AE71238319E9000FF8EA /* Models */,
				F658AE70238319E7000FF8EA /* VIews */,
				F658AE6F238319E1000FF8EA /* Controllers */,
				F658AE6E23831923000FF8EA /* Assets */,
				F658AE5D23831693000FF8EA /* Main.storyboard */,
				F658AE6523831694000FF8EA /* LaunchScreen.storyboard */,
				F658AE6023831693000FF8EA /* Hair_Cair.xcdatamodeld */,
				F658AE6823831694000FF8EA /* Info.plist */,
			);
			path = "Hair Cair";
			sourceTree = "<group>";
		};
		F658AE6E23831923000FF8EA /* Assets */ = {
			isa = PBXGroup;
			children = (
				F658AE5723831693000FF8EA /* AppDelegate.swift */,
				F658AE5923831693000FF8EA /* SceneDelegate.swift */,
				F658AE6323831694000FF8EA /* Assets.xcassets */,
			);
			path = Assets;
			sourceTree = "<group>";
		};
		F658AE6F238319E1000FF8EA /* Controllers */ = {
			isa = PBXGroup;
			children = (
				F658AE7223831B82000FF8EA /* LoginViewController.swift */,
				F658AE74238321F3000FF8EA /* CreateAccountViewController.swift */,
			);
			path = "Contro\U0010llers";
			sourceTree = "<group>";
		};
		F658AE70238319E7000FF8EA /* VIews */ = {
			isa = PBXGroup;
			children = (
			);
			path = VIews;
			sourceTree = "<group>";
		};
		F658AE71238319E9000FF8EA /* Models */ = {
			isa = PBXGroup;
			children = (
			);
			path = Models;
			sourceTree = "<group>";
		};
/* End PBXGroup section */

/* Begin PBXNativeTarget section */
		F658AE5323831693000FF8EA /* Hair Cair */ = {
			isa = PBXNativeTarget;
			buildConfigurationList = F658AE6B23831694000FF8EA /* Build configuration list for PBXNativeTarget "Hair Cair" */;
			buildPhases = (
				F658AE5023831693000FF8EA /* Sources */,
				F658AE5123831693000FF8EA /* Frameworks */,
				F658AE5223831693000FF8EA /* Resources */,
			);
			buildRules = (
			);
			dependencies = (
			);
			name = "Hair Cair";
			productName = "Hair Cair";
			productReference = F658AE5423831693000FF8EA /* Hair Cair.app */;
			productType = "com.apple.product-type.application";
		};
/* End PBXNativeTarget section */

/* Begin PBXProject section */
		F658AE4C23831693000FF8EA /* Project object */ = {
			isa = PBXProject;
			attributes = {
				LastSwiftUpdateCheck = 1110;
				LastUpgradeCheck = 1110;
				ORGANIZATIONNAME = "Nathan Hedgeman";
				TargetAttributes = {
					F658AE5323831693000FF8EA = {
						CreatedOnToolsVersion = 11.1;
					};
				};
			};
			buildConfigurationList = F658AE4F23831693000FF8EA /* Build configuration list for PBXProject "Hair Cair" */;
			compatibilityVersion = "Xcode 9.3";
			developmentRegion = en;
			hasScannedForEncodings = 0;
			knownRegions = (
				en,
				Base,
			);
			mainGroup = F658AE4B23831693000FF8EA;
			productRefGroup = F658AE5523831693000FF8EA /* Products */;
			projectDirPath = "";
			projectRoot = "";
			targets = (
				F658AE5323831693000FF8EA /* Hair Cair */,
			);
		};
/* End PBXProject section */

/* Begin PBXResourcesBuildPhase section */
		F658AE5223831693000FF8EA /* Resources */ = {
			isa = PBXResourcesBuildPhase;
			buildActionMask = 2147483647;
			files = (
				F658AE6723831694000FF8EA /* LaunchScreen.storyboard in Resources */,
				F658AE6423831694000FF8EA /* Assets.xcassets in Resources */,
				F658AE5F23831693000FF8EA /* Main.storyboard in Resources */,
			);
			runOnlyForDeploymentPostprocessing = 0;
		};
/* End PBXResourcesBuildPhase section */

/* Begin PBXSourcesBuildPhase section */
		F658AE5023831693000FF8EA /* Sources */ = {
			isa = PBXSourcesBuildPhase;
			buildActionMask = 2147483647;
			files = (
				F658AE75238321F3000FF8EA /* CreateAccountViewController.swift in Sources */,
				F658AE7323831B82000FF8EA /* LoginViewController.swift in Sources */,
				F658AE6223831693000FF8EA /* Hair_Cair.xcdatamodeld in Sources */,
				F658AE5823831693000FF8EA /* AppDelegate.swift in Sources */,
				F658AE5A23831693000FF8EA /* SceneDelegate.swift in Sources */,
			);
			runOnlyForDeploymentPostprocessing = 0;
		};
/* End PBXSourcesBuildPhase section */

/* Begin PBXVariantGroup section */
		F658AE5D23831693000FF8EA /* Main.storyboard */ = {
			isa = PBXVariantGroup;
			children = (
				F658AE5E23831693000FF8EA /* Base */,
			);
			name = Main.storyboard;
			sourceTree = "<group>";
		};
		F658AE6523831694000FF8EA /* LaunchScreen.storyboard */ = {
			isa = PBXVariantGroup;
			children = (
				F658AE6623831694000FF8EA /* Base */,
			);
			name = LaunchScreen.storyboard;
			sourceTree = "<group>";
		};
/* End PBXVariantGroup section */

/* Begin XCBuildConfiguration section */
		F658AE6923831694000FF8EA /* Debug */ = {
			isa = XCBuildConfiguration;
			buildSettings = {
				ALWAYS_SEARCH_USER_PATHS = NO;
				CLANG_ANALYZER_NONNULL = YES;
				CLANG_ANALYZER_NUMBER_OBJECT_CONVERSION = YES_AGGRESSIVE;
				CLANG_CXX_LANGUAGE_STANDARD = "gnu++14";
				CLANG_CXX_LIBRARY = "libc++";
				CLANG_ENABLE_MODULES = YES;
				CLANG_ENABLE_OBJC_ARC = YES;
				CLANG_ENABLE_OBJC_WEAK = YES;
				CLANG_WARN_BLOCK_CAPTURE_AUTORELEASING = YES;
				CLANG_WARN_BOOL_CONVERSION = YES;
				CLANG_WARN_COMMA = YES;
				CLANG_WARN_CONSTANT_CONVERSION = YES;
				CLANG_WARN_DEPRECATED_OBJC_IMPLEMENTATIONS = YES;
				CLANG_WARN_DIRECT_OBJC_ISA_USAGE = YES_ERROR;
				CLANG_WARN_DOCUMENTATION_COMMENTS = YES;
				CLANG_WARN_EMPTY_BODY = YES;
				CLANG_WARN_ENUM_CONVERSION = YES;
				CLANG_WARN_INFINITE_RECURSION = YES;
				CLANG_WARN_INT_CONVERSION = YES;
				CLANG_WARN_NON_LITERAL_NULL_CONVERSION = YES;
				CLANG_WARN_OBJC_IMPLICIT_RETAIN_SELF = YES;
				CLANG_WARN_OBJC_LITERAL_CONVERSION = YES;
				CLANG_WARN_OBJC_ROOT_CLASS = YES_ERROR;
				CLANG_WARN_RANGE_LOOP_ANALYSIS = YES;
				CLANG_WARN_STRICT_PROTOTYPES = YES;
				CLANG_WARN_SUSPICIOUS_MOVE = YES;
				CLANG_WARN_UNGUARDED_AVAILABILITY = YES_AGGRESSIVE;
				CLANG_WARN_UNREACHABLE_CODE = YES;
				CLANG_WARN__DUPLICATE_METHOD_MATCH = YES;
				COPY_PHASE_STRIP = NO;
				DEBUG_INFORMATION_FORMAT = dwarf;
				ENABLE_STRICT_OBJC_MSGSEND = YES;
				ENABLE_TESTABILITY = YES;
				GCC_C_LANGUAGE_STANDARD = gnu11;
				GCC_DYNAMIC_NO_PIC = NO;
				GCC_NO_COMMON_BLOCKS = YES;
				GCC_OPTIMIZATION_LEVEL = 0;
				GCC_PREPROCESSOR_DEFINITIONS = (
					"DEBUG=1",
					"$(inherited)",
				);
				GCC_WARN_64_TO_32_BIT_CONVERSION = YES;
				GCC_WARN_ABOUT_RETURN_TYPE = YES_ERROR;
				GCC_WARN_UNDECLARED_SELECTOR = YES;
				GCC_WARN_UNINITIALIZED_AUTOS = YES_AGGRESSIVE;
				GCC_WARN_UNUSED_FUNCTION = YES;
				GCC_WARN_UNUSED_VARIABLE = YES;
				IPHONEOS_DEPLOYMENT_TARGET = 13.1;
				MTL_ENABLE_DEBUG_INFO = INCLUDE_SOURCE;
				MTL_FAST_MATH = YES;
				ONLY_ACTIVE_ARCH = YES;
				SDKROOT = iphoneos;
				SWIFT_ACTIVE_COMPILATION_CONDITIONS = DEBUG;
				SWIFT_OPTIMIZATION_LEVEL = "-Onone";
			};
			name = Debug;
		};
		F658AE6A23831694000FF8EA /* Release */ = {
			isa = XCBuildConfiguration;
			buildSettings = {
				ALWAYS_SEARCH_USER_PATHS = NO;
				CLANG_ANALYZER_NONNULL = YES;
				CLANG_ANALYZER_NUMBER_OBJECT_CONVERSION = YES_AGGRESSIVE;
				CLANG_CXX_LANGUAGE_STANDARD = "gnu++14";
				CLANG_CXX_LIBRARY = "libc++";
				CLANG_ENABLE_MODULES = YES;
				CLANG_ENABLE_OBJC_ARC = YES;
				CLANG_ENABLE_OBJC_WEAK = YES;
				CLANG_WARN_BLOCK_CAPTURE_AUTORELEASING = YES;
				CLANG_WARN_BOOL_CONVERSION = YES;
				CLANG_WARN_COMMA = YES;
				CLANG_WARN_CONSTANT_CONVERSION = YES;
				CLANG_WARN_DEPRECATED_OBJC_IMPLEMENTATIONS = YES;
				CLANG_WARN_DIRECT_OBJC_ISA_USAGE = YES_ERROR;
				CLANG_WARN_DOCUMENTATION_COMMENTS = YES;
				CLANG_WARN_EMPTY_BODY = YES;
				CLANG_WARN_ENUM_CONVERSION = YES;
				CLANG_WARN_INFINITE_RECURSION = YES;
				CLANG_WARN_INT_CONVERSION = YES;
				CLANG_WARN_NON_LITERAL_NULL_CONVERSION = YES;
				CLANG_WARN_OBJC_IMPLICIT_RETAIN_SELF = YES;
				CLANG_WARN_OBJC_LITERAL_CONVERSION = YES;
				CLANG_WARN_OBJC_ROOT_CLASS = YES_ERROR;
				CLANG_WARN_RANGE_LOOP_ANALYSIS = YES;
				CLANG_WARN_STRICT_PROTOTYPES = YES;
				CLANG_WARN_SUSPICIOUS_MOVE = YES;
				CLANG_WARN_UNGUARDED_AVAILABILITY = YES_AGGRESSIVE;
				CLANG_WARN_UNREACHABLE_CODE = YES;
				CLANG_WARN__DUPLICATE_METHOD_MATCH = YES;
				COPY_PHASE_STRIP = NO;
				DEBUG_INFORMATION_FORMAT = "dwarf-with-dsym";
				ENABLE_NS_ASSERTIONS = NO;
				ENABLE_STRICT_OBJC_MSGSEND = YES;
				GCC_C_LANGUAGE_STANDARD = gnu11;
				GCC_NO_COMMON_BLOCKS = YES;
				GCC_WARN_64_TO_32_BIT_CONVERSION = YES;
				GCC_WARN_ABOUT_RETURN_TYPE = YES_ERROR;
				GCC_WARN_UNDECLARED_SELECTOR = YES;
				GCC_WARN_UNINITIALIZED_AUTOS = YES_AGGRESSIVE;
				GCC_WARN_UNUSED_FUNCTION = YES;
				GCC_WARN_UNUSED_VARIABLE = YES;
				IPHONEOS_DEPLOYMENT_TARGET = 13.1;
				MTL_ENABLE_DEBUG_INFO = NO;
				MTL_FAST_MATH = YES;
				SDKROOT = iphoneos;
				SWIFT_COMPILATION_MODE = wholemodule;
				SWIFT_OPTIMIZATION_LEVEL = "-O";
				VALIDATE_PRODUCT = YES;
			};
			name = Release;
		};
		F658AE6C23831694000FF8EA /* Debug */ = {
			isa = XCBuildConfiguration;
			buildSettings = {
				ASSETCATALOG_COMPILER_APPICON_NAME = AppIcon;
				CODE_SIGN_STYLE = Automatic;
				DEVELOPMENT_TEAM = 8492LT54LT;
				INFOPLIST_FILE = "Hair Cair/Info.plist";
				LD_RUNPATH_SEARCH_PATHS = (
					"$(inherited)",
					"@executable_path/Frameworks",
				);
				PRODUCT_BUNDLE_IDENTIFIER = "com.nathanhedgeman.Hair-Cair";
				PRODUCT_NAME = "$(TARGET_NAME)";
				SWIFT_VERSION = 5.0;
				TARGETED_DEVICE_FAMILY = "1,2";
			};
			name = Debug;
		};
		F658AE6D23831694000FF8EA /* Release */ = {
			isa = XCBuildConfiguration;
			buildSettings = {
				ASSETCATALOG_COMPILER_APPICON_NAME = AppIcon;
				CODE_SIGN_STYLE = Automatic;
				DEVELOPMENT_TEAM = 8492LT54LT;
				INFOPLIST_FILE = "Hair Cair/Info.plist";
				LD_RUNPATH_SEARCH_PATHS = (
					"$(inherited)",
					"@executable_path/Frameworks",
				);
				PRODUCT_BUNDLE_IDENTIFIER = "com.nathanhedgeman.Hair-Cair";
				PRODUCT_NAME = "$(TARGET_NAME)";
				SWIFT_VERSION = 5.0;
				TARGETED_DEVICE_FAMILY = "1,2";
			};
			name = Release;
		};
/* End XCBuildConfiguration section */

/* Begin XCConfigurationList section */
		F658AE4F23831693000FF8EA /* Build configuration list for PBXProject "Hair Cair" */ = {
			isa = XCConfigurationList;
			buildConfigurations = (
				F658AE6923831694000FF8EA /* Debug */,
				F658AE6A23831694000FF8EA /* Release */,
			);
			defaultConfigurationIsVisible = 0;
			defaultConfigurationName = Release;
		};
		F658AE6B23831694000FF8EA /* Build configuration list for PBXNativeTarget "Hair Cair" */ = {
			isa = XCConfigurationList;
			buildConfigurations = (
				F658AE6C23831694000FF8EA /* Debug */,
				F658AE6D23831694000FF8EA /* Release */,
			);
			defaultConfigurationIsVisible = 0;
			defaultConfigurationName = Release;
		};
/* End XCConfigurationList section */

/* Begin XCVersionGroup section */
		F658AE6023831693000FF8EA /* Hair_Cair.xcdatamodeld */ = {
			isa = XCVersionGroup;
			children = (
				F658AE6123831693000FF8EA /* Hair_Cair.xcdatamodel */,
			);
			currentVersion = F658AE6123831693000FF8EA /* Hair_Cair.xcdatamodel */;
			path = Hair_Cair.xcdatamodeld;
			sourceTree = "<group>";
			versionGroupType = wrapper.xcdatamodel;
		};
/* End XCVersionGroup section */
	};
	rootObject = F658AE4C23831693000FF8EA /* Project object */;
}
